
Microsoft Visual Studio Solution File, Format Version 12.00
# Visual Studio Version 16
VisualStudioVersion = 16.0.31025.194
MinimumVisualStudioVersion = 10.0.40219.1
Project("{FAE04EC0-301F-11D3-BF4B-00C04F79EFBC}") = "Proje2ERP", "Proje2ERP\Proje2ERP.csproj", "{2D1B66A6-EC4E-44B9-9434-78A6C46D70B3}"
EndProject
Project("{FAE04EC0-301F-11D3-BF4B-00C04F79EFBC}") = "D_A_L", "D_A_L\D_A_L.csproj", "{A41E3C35-D77C-40B2-AF05-91CD136A9129}"
EndProject
Project("{FAE04EC0-301F-11D3-BF4B-00C04F79EFBC}") = "Service", "Service\Service.csproj", "{6ED4216D-5D11-4B7C-8920-1A2AA38E2BDC}"
EndProject
Global
	GlobalSection(SolutionConfigurationPlatforms) = preSolution
		Debug|Any CPU = Debug|Any CPU
		Release|Any CPU = Release|Any CPU
	EndGlobalSection
	GlobalSection(ProjectConfigurationPlatforms) = postSolution
		{2D1B66A6-EC4E-44B9-9434-78A6C46D70B3}.Debug|Any CPU.ActiveCfg = Debug|Any CPU
		{2D1B66A6-EC4E-44B9-9434-78A6C46D70B3}.Debug|Any CPU.Build.0 = Debug|Any CPU
		{2D1B66A6-EC4E-44B9-9434-78A6C46D70B3}.Release|Any CPU.ActiveCfg = Release|Any CPU
		{2D1B66A6-EC4E-44B9-9434-78A6C46D70B3}.Release|Any CPU.Build.0 = Release|Any CPU
		{A41E3C35-D77C-40B2-AF05-91CD136A9129}.Debug|Any CPU.ActiveCfg = Debug|Any CPU
		{A41E3C35-D77C-40B2-AF05-91CD136A9129}.Debug|Any CPU.Build.0 = Debug|Any CPU
		{A41E3C35-D77C-40B2-AF05-91CD136A9129}.Release|Any CPU.ActiveCfg = Release|Any CPU
		{A41E3C35-D77C-40B2-AF05-91CD136A9129}.Release|Any CPU.Build.0 = Release|Any CPU
		{6ED4216D-5D11-4B7C-8920-1A2AA38E2BDC}.Debug|Any CPU.ActiveCfg = Debug|Any CPU
		{6ED4216D-5D11-4B7C-8920-1A2AA38E2BDC}.Debug|Any CPU.Build.0 = Debug|Any CPU
		{6ED4216D-5D11-4B7C-8920-1A2AA38E2BDC}.Release|Any CPU.ActiveCfg = Release|Any CPU
		{6ED4216D-5D11-4B7C-8920-1A2AA38E2BDC}.Release|Any CPU.Build.0 = Release|Any CPU
	EndGlobalSection
	GlobalSection(SolutionProperties) = preSolution
		HideSolutionNode = FALSE
	EndGlobalSection
	GlobalSection(ExtensibilityGlobals) = postSolution
		SolutionGuid = {00D6FAC6-CE7F-4014-A8C8-ED3038EBAD54}
	EndGlobalSection
EndGlobal
